
Microsoft Visual Studio Solution File, Format Version 12.00
# Visual Studio Version 16
VisualStudioVersion = 16.0.31129.286
MinimumVisualStudioVersion = 10.0.40219.1
Project("{9A19103F-16F7-4668-BE54-9A1E7A4F7556}") = "Client", "Client\Client.csproj", "{7C5F572A-7B22-4588-BC42-B645219116C5}"
EndProject
Project("{9A19103F-16F7-4668-BE54-9A1E7A4F7556}") = "Service", "Service\Service.csproj", "{70FAF82C-D5B3-435A-8D6E-C29C01414C2B}"
EndProject
Global
	GlobalSection(SolutionConfigurationPlatforms) = preSolution
		Debug|Any CPU = Debug|Any CPU
		Release|Any CPU = Release|Any CPU
	EndGlobalSection
	GlobalSection(ProjectConfigurationPlatforms) = postSolution
		{7C5F572A-7B22-4588-BC42-B645219116C5}.Debug|Any CPU.ActiveCfg = Debug|Any CPU
		{7C5F572A-7B22-4588-BC42-B645219116C5}.Debug|Any CPU.Build.0 = Debug|Any CPU
		{7C5F572A-7B22-4588-BC42-B645219116C5}.Release|Any CPU.ActiveCfg = Release|Any CPU
		{7C5F572A-7B22-4588-BC42-B645219116C5}.Release|Any CPU.Build.0 = Release|Any CPU
		{70FAF82C-D5B3-435A-8D6E-C29C01414C2B}.Debug|Any CPU.ActiveCfg = Debug|Any CPU
		{70FAF82C-D5B3-435A-8D6E-C29C01414C2B}.Debug|Any CPU.Build.0 = Debug|Any CPU
		{70FAF82C-D5B3-435A-8D6E-C29C01414C2B}.Release|Any CPU.ActiveCfg = Release|Any CPU
		{70FAF82C-D5B3-435A-8D6E-C29C01414C2B}.Release|Any CPU.Build.0 = Release|Any CPU
	EndGlobalSection
	GlobalSection(SolutionProperties) = preSolution
		HideSolutionNode = FALSE
	EndGlobalSection
	GlobalSection(ExtensibilityGlobals) = postSolution
		SolutionGuid = {B210E82D-E81B-4ABF-8CD2-ED0333F19053}
	EndGlobalSection
EndGlobal
